// !$*UTF8*$!
{
	archiveVersion = 1;
	classes = {
	};
	objectVersion = 46;
	objects = {

/* Begin PBXBuildFile section */
		E1D754A21908A9090031C40D /* Foundation.framework in Frameworks */ = {isa = PBXBuildFile; fileRef = E1D754A11908A9090031C40D /* Foundation.framework */; };
		E1D754A41908A9090031C40D /* CoreGraphics.framework in Frameworks */ = {isa = PBXBuildFile; fileRef = E1D754A31908A9090031C40D /* CoreGraphics.framework */; };
		E1D754A61908A9090031C40D /* UIKit.framework in Frameworks */ = {isa = PBXBuildFile; fileRef = E1D754A51908A9090031C40D /* UIKit.framework */; };
		E1D754AC1908A9090031C40D /* InfoPlist.strings in Resources */ = {isa = PBXBuildFile; fileRef = E1D754AA1908A9090031C40D /* InfoPlist.strings */; };
		E1D754AE1908A9090031C40D /* main.m in Sources */ = {isa = PBXBuildFile; fileRef = E1D754AD1908A9090031C40D /* main.m */; };
		E1D754B21908A9090031C40D /* SGAppDelegate.m in Sources */ = {isa = PBXBuildFile; fileRef = E1D754B11908A9090031C40D /* SGAppDelegate.m */; };
		E1D754B51908A9090031C40D /* Main.storyboard in Resources */ = {isa = PBXBuildFile; fileRef = E1D754B31908A9090031C40D /* Main.storyboard */; };
		E1D754B81908A9090031C40D /* SGViewController.m in Sources */ = {isa = PBXBuildFile; fileRef = E1D754B71908A9090031C40D /* SGViewController.m */; };
		E1D754BA1908A9090031C40D /* Images.xcassets in Resources */ = {isa = PBXBuildFile; fileRef = E1D754B91908A9090031C40D /* Images.xcassets */; };
		E1D754C11908A9090031C40D /* XCTest.framework in Frameworks */ = {isa = PBXBuildFile; fileRef = E1D754C01908A9090031C40D /* XCTest.framework */; };
		E1D754C21908A9090031C40D /* Foundation.framework in Frameworks */ = {isa = PBXBuildFile; fileRef = E1D754A11908A9090031C40D /* Foundation.framework */; };
		E1D754C31908A9090031C40D /* UIKit.framework in Frameworks */ = {isa = PBXBuildFile; fileRef = E1D754A51908A9090031C40D /* UIKit.framework */; };
		E1D754CB1908A9090031C40D /* InfoPlist.strings in Resources */ = {isa = PBXBuildFile; fileRef = E1D754C91908A9090031C40D /* InfoPlist.strings */; };
		E1D754CD1908A9090031C40D /* NoStoryboardGridTests.m in Sources */ = {isa = PBXBuildFile; fileRef = E1D754CC1908A9090031C40D /* NoStoryboardGridTests.m */; };
		E1D754D81908AC0F0031C40D /* SGGridLayout.m in Sources */ = {isa = PBXBuildFile; fileRef = E1D754D71908AC0F0031C40D /* SGGridLayout.m */; };
/* End PBXBuildFile section */

/* Begin PBXContainerItemProxy section */
		E1D754C41908A9090031C40D /* PBXContainerItemProxy */ = {
			isa = PBXContainerItemProxy;
			containerPortal = E1D754961908A9090031C40D /* Project object */;
			proxyType = 1;
			remoteGlobalIDString = E1D7549D1908A9090031C40D;
			remoteInfo = NoStoryboardGrid;
		};
/* End PBXContainerItemProxy section */

/* Begin PBXFileReference section */
		E1D7549E1908A9090031C40D /* NoStoryboardGrid.app */ = {isa = PBXFileReference; explicitFileType = wrapper.application; includeInIndex = 0; path = NoStoryboardGrid.app; sourceTree = BUILT_PRODUCTS_DIR; };
		E1D754A11908A9090031C40D /* Foundation.framework */ = {isa = PBXFileReference; lastKnownFileType = wrapper.framework; name = Foundation.framework; path = System/Library/Frameworks/Foundation.framework; sourceTree = SDKROOT; };
		E1D754A31908A9090031C40D /* CoreGraphics.framework */ = {isa = PBXFileReference; lastKnownFileType = wrapper.framework; name = CoreGraphics.framework; path = System/Library/Frameworks/CoreGraphics.framework; sourceTree = SDKROOT; };
		E1D754A51908A9090031C40D /* UIKit.framework */ = {isa = PBXFileReference; lastKnownFileType = wrapper.framework; name = UIKit.framework; path = System/Library/Frameworks/UIKit.framework; sourceTree = SDKROOT; };
		E1D754A91908A9090031C40D /* NoStoryboardGrid-Info.plist */ = {isa = PBXFileReference; lastKnownFileType = text.plist.xml; path = "NoStoryboardGrid-Info.plist"; sourceTree = "<group>"; };
		E1D754AB1908A9090031C40D /* en */ = {isa = PBXFileReference; lastKnownFileType = text.plist.strings; name = en; path = en.lproj/InfoPlist.strings; sourceTree = "<group>"; };
		E1D754AD1908A9090031C40D /* main.m */ = {isa = PBXFileReference; lastKnownFileType = sourcecode.c.objc; path = main.m; sourceTree = "<group>"; };
		E1D754AF1908A9090031C40D /* NoStoryboardGrid-Prefix.pch */ = {isa = PBXFileReference; lastKnownFileType = sourcecode.c.h; path = "NoStoryboardGrid-Prefix.pch"; sourceTree = "<group>"; };
		E1D754B01908A9090031C40D /* SGAppDelegate.h */ = {isa = PBXFileReference; lastKnownFileType = sourcecode.c.h; path = SGAppDelegate.h; sourceTree = "<group>"; };
		E1D754B11908A9090031C40D /* SGAppDelegate.m */ = {isa = PBXFileReference; lastKnownFileType = sourcecode.c.objc; path = SGAppDelegate.m; sourceTree = "<group>"; };
		E1D754B41908A9090031C40D /* Base */ = {isa = PBXFileReference; lastKnownFileType = file.storyboard; name = Base; path = Base.lproj/Main.storyboard; sourceTree = "<group>"; };
		E1D754B61908A9090031C40D /* SGViewController.h */ = {isa = PBXFileReference; lastKnownFileType = sourcecode.c.h; path = SGViewController.h; sourceTree = "<group>"; };
		E1D754B71908A9090031C40D /* SGViewController.m */ = {isa = PBXFileReference; lastKnownFileType = sourcecode.c.objc; path = SGViewController.m; sourceTree = "<group>"; };
		E1D754B91908A9090031C40D /* Images.xcassets */ = {isa = PBXFileReference; lastKnownFileType = folder.assetcatalog; path = Images.xcassets; sourceTree = "<group>"; };
		E1D754BF1908A9090031C40D /* NoStoryboardGridTests.xctest */ = {isa = PBXFileReference; explicitFileType = wrapper.cfbundle; includeInIndex = 0; path = NoStoryboardGridTests.xctest; sourceTree = BUILT_PRODUCTS_DIR; };
		E1D754C01908A9090031C40D /* XCTest.framework */ = {isa = PBXFileReference; lastKnownFileType = wrapper.framework; name = XCTest.framework; path = Library/Frameworks/XCTest.framework; sourceTree = DEVELOPER_DIR; };
		E1D754C81908A9090031C40D /* NoStoryboardGridTests-Info.plist */ = {isa = PBXFileReference; lastKnownFileType = text.plist.xml; path = "NoStoryboardGridTests-Info.plist"; sourceTree = "<group>"; };
		E1D754CA1908A9090031C40D /* en */ = {isa = PBXFileReference; lastKnownFileType = text.plist.strings; name = en; path = en.lproj/InfoPlist.strings; sourceTree = "<group>"; };
		E1D754CC1908A9090031C40D /* NoStoryboardGridTests.m */ = {isa = PBXFileReference; lastKnownFileType = sourcecode.c.objc; path = NoStoryboardGridTests.m; sourceTree = "<group>"; };
		E1D754D61908AC0F0031C40D /* SGGridLayout.h */ = {isa = PBXFileReference; fileEncoding = 4; lastKnownFileType = sourcecode.c.h; path = SGGridLayout.h; sourceTree = "<group>"; };
		E1D754D71908AC0F0031C40D /* SGGridLayout.m */ = {isa = PBXFileReference; fileEncoding = 4; lastKnownFileType = sourcecode.c.objc; path = SGGridLayout.m; sourceTree = "<group>"; };
/* End PBXFileReference section */

/* Begin PBXFrameworksBuildPhase section */
		E1D7549B1908A9090031C40D /* Frameworks */ = {
			isa = PBXFrameworksBuildPhase;
			buildActionMask = 2147483647;
			files = (
				E1D754A41908A9090031C40D /* CoreGraphics.framework in Frameworks */,
				E1D754A61908A9090031C40D /* UIKit.framework in Frameworks */,
				E1D754A21908A9090031C40D /* Foundation.framework in Frameworks */,
			);
			runOnlyForDeploymentPostprocessing = 0;
		};
		E1D754BC1908A9090031C40D /* Frameworks */ = {
			isa = PBXFrameworksBuildPhase;
			buildActionMask = 2147483647;
			files = (
				E1D754C11908A9090031C40D /* XCTest.framework in Frameworks */,
				E1D754C31908A9090031C40D /* UIKit.framework in Frameworks */,
				E1D754C21908A9090031C40D /* Foundation.framework in Frameworks */,
			);
			runOnlyForDeploymentPostprocessing = 0;
		};
/* End PBXFrameworksBuildPhase section */

/* Begin PBXGroup section */
		E1D754951908A9090031C40D = {
			isa = PBXGroup;
			children = (
				E1D754A71908A9090031C40D /* NoStoryboardGrid */,
				E1D754C61908A9090031C40D /* NoStoryboardGridTests */,
				E1D754A01908A9090031C40D /* Frameworks */,
				E1D7549F1908A9090031C40D /* Products */,
			);
			sourceTree = "<group>";
		};
		E1D7549F1908A9090031C40D /* Products */ = {
			isa = PBXGroup;
			children = (
				E1D7549E1908A9090031C40D /* NoStoryboardGrid.app */,
				E1D754BF1908A9090031C40D /* NoStoryboardGridTests.xctest */,
			);
			name = Products;
			sourceTree = "<group>";
		};
		E1D754A01908A9090031C40D /* Frameworks */ = {
			isa = PBXGroup;
			children = (
				E1D754A11908A9090031C40D /* Foundation.framework */,
				E1D754A31908A9090031C40D /* CoreGraphics.framework */,
				E1D754A51908A9090031C40D /* UIKit.framework */,
				E1D754C01908A9090031C40D /* XCTest.framework */,
			);
			name = Frameworks;
			sourceTree = "<group>";
		};
		E1D754A71908A9090031C40D /* NoStoryboardGrid */ = {
			isa = PBXGroup;
			children = (
				E1D754B01908A9090031C40D /* SGAppDelegate.h */,
				E1D754B11908A9090031C40D /* SGAppDelegate.m */,
				E1D754B31908A9090031C40D /* Main.storyboard */,
				E1D754B61908A9090031C40D /* SGViewController.h */,
				E1D754B71908A9090031C40D /* SGViewController.m */,
				E1D754D61908AC0F0031C40D /* SGGridLayout.h */,
				E1D754D71908AC0F0031C40D /* SGGridLayout.m */,
				E1D754B91908A9090031C40D /* Images.xcassets */,
				E1D754A81908A9090031C40D /* Supporting Files */,
			);
			path = NoStoryboardGrid;
			sourceTree = "<group>";
		};
		E1D754A81908A9090031C40D /* Supporting Files */ = {
			isa = PBXGroup;
			children = (
				E1D754A91908A9090031C40D /* NoStoryboardGrid-Info.plist */,
				E1D754AA1908A9090031C40D /* InfoPlist.strings */,
				E1D754AD1908A9090031C40D /* main.m */,
				E1D754AF1908A9090031C40D /* NoStoryboardGrid-Prefix.pch */,
			);
			name = "Supporting Files";
			sourceTree = "<group>";
		};
		E1D754C61908A9090031C40D /* NoStoryboardGridTests */ = {
			isa = PBXGroup;
			children = (
				E1D754CC1908A9090031C40D /* NoStoryboardGridTests.m */,
				E1D754C71908A9090031C40D /* Supporting Files */,
			);
			path = NoStoryboardGridTests;
			sourceTree = "<group>";
		};
		E1D754C71908A9090031C40D /* Supporting Files */ = {
			isa = PBXGroup;
			children = (
				E1D754C81908A9090031C40D /* NoStoryboardGridTests-Info.plist */,
				E1D754C91908A9090031C40D /* InfoPlist.strings */,
			);
			name = "Supporting Files";
			sourceTree = "<group>";
		};
/* End PBXGroup section */

/* Begin PBXNativeTarget section */
		E1D7549D1908A9090031C40D /* NoStoryboardGrid */ = {
			isa = PBXNativeTarget;
			buildConfigurationList = E1D754D01908A9090031C40D /* Build configuration list for PBXNativeTarget "NoStoryboardGrid" */;
			buildPhases = (
				E1D7549A1908A9090031C40D /* Sources */,
				E1D7549B1908A9090031C40D /* Frameworks */,
				E1D7549C1908A9090031C40D /* Resources */,
			);
			buildRules = (
			);
			dependencies = (
			);
			name = NoStoryboardGrid;
			productName = NoStoryboardGrid;
			productReference = E1D7549E1908A9090031C40D /* NoStoryboardGrid.app */;
			productType = "com.apple.product-type.application";
		};
		E1D754BE1908A9090031C40D /* NoStoryboardGridTests */ = {
			isa = PBXNativeTarget;
			buildConfigurationList = E1D754D31908A9090031C40D /* Build configuration list for PBXNativeTarget "NoStoryboardGridTests" */;
			buildPhases = (
				E1D754BB1908A9090031C40D /* Sources */,
				E1D754BC1908A9090031C40D /* Frameworks */,
				E1D754BD1908A9090031C40D /* Resources */,
			);
			buildRules = (
			);
			dependencies = (
				E1D754C51908A9090031C40D /* PBXTargetDependency */,
			);
			name = NoStoryboardGridTests;
			productName = NoStoryboardGridTests;
			productReference = E1D754BF1908A9090031C40D /* NoStoryboardGridTests.xctest */;
			productType = "com.apple.product-type.bundle.unit-test";
		};
/* End PBXNativeTarget section */

/* Begin PBXProject section */
		E1D754961908A9090031C40D /* Project object */ = {
			isa = PBXProject;
			attributes = {
				CLASSPREFIX = SG;
				LastUpgradeCheck = 0510;
				ORGANIZATIONNAME = "Steven Lipton";
				TargetAttributes = {
					E1D754BE1908A9090031C40D = {
						TestTargetID = E1D7549D1908A9090031C40D;
					};
				};
			};
			buildConfigurationList = E1D754991908A9090031C40D /* Build configuration list for PBXProject "NoStoryboardGrid" */;
			compatibilityVersion = "Xcode 3.2";
			developmentRegion = English;
			hasScannedForEncodings = 0;
			knownRegions = (
				en,
				Base,
			);
			mainGroup = E1D754951908A9090031C40D;
			productRefGroup = E1D7549F1908A9090031C40D /* Products */;
			projectDirPath = "";
			projectRoot = "";
			targets = (
				E1D7549D1908A9090031C40D /* NoStoryboardGrid */,
				E1D754BE1908A9090031C40D /* NoStoryboardGridTests */,
			);
		};
/* End PBXProject section */

/* Begin PBXResourcesBuildPhase section */
		E1D7549C1908A9090031C40D /* Resources */ = {
			isa = PBXResourcesBuildPhase;
			buildActionMask = 2147483647;
			files = (
				E1D754BA1908A9090031C40D /* Images.xcassets in Resources */,
				E1D754AC1908A9090031C40D /* InfoPlist.strings in Resources */,
				E1D754B51908A9090031C40D /* Main.storyboard in Resources */,
			);
			runOnlyForDeploymentPostprocessing = 0;
		};
		E1D754BD1908A9090031C40D /* Resources */ = {
			isa = PBXResourcesBuildPhase;
			buildActionMask = 2147483647;
			files = (
				E1D754CB1908A9090031C40D /* InfoPlist.strings in Resources */,
			);
			runOnlyForDeploymentPostprocessing = 0;
		};
/* End PBXResourcesBuildPhase section */

/* Begin PBXSourcesBuildPhase section */
		E1D7549A1908A9090031C40D /* Sources */ = {
			isa = PBXSourcesBuildPhase;
			buildActionMask = 2147483647;
			files = (
				E1D754B21908A9090031C40D /* SGAppDelegate.m in Sources */,
				E1D754B81908A9090031C40D /* SGViewController.m in Sources */,
				E1D754AE1908A9090031C40D /* main.m in Sources */,
				E1D754D81908AC0F0031C40D /* SGGridLayout.m in Sources */,
			);
			runOnlyForDeploymentPostprocessing = 0;
		};
		E1D754BB1908A9090031C40D /* Sources */ = {
			isa = PBXSourcesBuildPhase;
			buildActionMask = 2147483647;
			files = (
				E1D754CD1908A9090031C40D /* NoStoryboardGridTests.m in Sources */,
			);
			runOnlyForDeploymentPostprocessing = 0;
		};
/* End PBXSourcesBuildPhase section */

/* Begin PBXTargetDependency section */
		E1D754C51908A9090031C40D /* PBXTargetDependency */ = {
			isa = PBXTargetDependency;
			target = E1D7549D1908A9090031C40D /* NoStoryboardGrid */;
			targetProxy = E1D754C41908A9090031C40D /* PBXContainerItemProxy */;
		};
/* End PBXTargetDependency section */

/* Begin PBXVariantGroup section */
		E1D754AA1908A9090031C40D /* InfoPlist.strings */ = {
			isa = PBXVariantGroup;
			children = (
				E1D754AB1908A9090031C40D /* en */,
			);
			name = InfoPlist.strings;
			sourceTree = "<group>";
		};
		E1D754B31908A9090031C40D /* Main.storyboard */ = {
			isa = PBXVariantGroup;
			children = (
				E1D754B41908A9090031C40D /* Base */,
			);
			name = Main.storyboard;
			sourceTree = "<group>";
		};
		E1D754C91908A9090031C40D /* InfoPlist.strings */ = {
			isa = PBXVariantGroup;
			children = (
				E1D754CA1908A9090031C40D /* en */,
			);
			name = InfoPlist.strings;
			sourceTree = "<group>";
		};
/* End PBXVariantGroup section */

/* Begin XCBuildConfiguration section */
		E1D754CE1908A9090031C40D /* Debug */ = {
			isa = XCBuildConfiguration;
			buildSettings = {
				ALWAYS_SEARCH_USER_PATHS = NO;
				CLANG_CXX_LANGUAGE_STANDARD = "gnu++0x";
				CLANG_CXX_LIBRARY = "libc++";
				CLANG_ENABLE_MODULES = YES;
				CLANG_ENABLE_OBJC_ARC = YES;
				CLANG_WARN_BOOL_CONVERSION = YES;
				CLANG_WARN_CONSTANT_CONVERSION = YES;
				CLANG_WARN_DIRECT_OBJC_ISA_USAGE = YES_ERROR;
				CLANG_WARN_EMPTY_BODY = YES;
				CLANG_WARN_ENUM_CONVERSION = YES;
				CLANG_WARN_INT_CONVERSION = YES;
				CLANG_WARN_OBJC_ROOT_CLASS = YES_ERROR;
				CLANG_WARN__DUPLICATE_METHOD_MATCH = YES;
				"CODE_SIGN_IDENTITY[sdk=iphoneos*]" = "iPhone Developer";
				COPY_PHASE_STRIP = NO;
				GCC_C_LANGUAGE_STANDARD = gnu99;
				GCC_DYNAMIC_NO_PIC = NO;
				GCC_OPTIMIZATION_LEVEL = 0;
				GCC_PREPROCESSOR_DEFINITIONS = (
					"DEBUG=1",
					"$(inherited)",
				);
				GCC_SYMBOLS_PRIVATE_EXTERN = NO;
				GCC_WARN_64_TO_32_BIT_CONVERSION = YES;
				GCC_WARN_ABOUT_RETURN_TYPE = YES_ERROR;
				GCC_WARN_UNDECLARED_SELECTOR = YES;
				GCC_WARN_UNINITIALIZED_AUTOS = YES_AGGRESSIVE;
				GCC_WARN_UNUSED_FUNCTION = YES;
				GCC_WARN_UNUSED_VARIABLE = YES;
				IPHONEOS_DEPLOYMENT_TARGET = 7.1;
				ONLY_ACTIVE_ARCH = YES;
				SDKROOT = iphoneos;
			};
			name = Debug;
		};
		E1D754CF1908A9090031C40D /* Release */ = {
			isa = XCBuildConfiguration;
			buildSettings = {
				ALWAYS_SEARCH_USER_PATHS = NO;
				CLANG_CXX_LANGUAGE_STANDARD = "gnu++0x";
				CLANG_CXX_LIBRARY = "libc++";
				CLANG_ENABLE_MODULES = YES;
				CLANG_ENABLE_OBJC_ARC = YES;
				CLANG_WARN_BOOL_CONVERSION = YES;
				CLANG_WARN_CONSTANT_CONVERSION = YES;
				CLANG_WARN_DIRECT_OBJC_ISA_USAGE = YES_ERROR;
				CLANG_WARN_EMPTY_BODY = YES;
				CLANG_WARN_ENUM_CONVERSION = YES;
				CLANG_WARN_INT_CONVERSION = YES;
				CLANG_WARN_OBJC_ROOT_CLASS = YES_ERROR;
				CLANG_WARN__DUPLICATE_METHOD_MATCH = YES;
				"CODE_SIGN_IDENTITY[sdk=iphoneos*]" = "iPhone Developer";
				COPY_PHASE_STRIP = YES;
				ENABLE_NS_ASSERTIONS = NO;
				GCC_C_LANGUAGE_STANDARD = gnu99;
				GCC_WARN_64_TO_32_BIT_CONVERSION = YES;
				GCC_WARN_ABOUT_RETURN_TYPE = YES_ERROR;
				GCC_WARN_UNDECLARED_SELECTOR = YES;
				GCC_WARN_UNINITIALIZED_AUTOS = YES_AGGRESSIVE;
				GCC_WARN_UNUSED_FUNCTION = YES;
				GCC_WARN_UNUSED_VARIABLE = YES;
				IPHONEOS_DEPLOYMENT_TARGET = 7.1;
				SDKROOT = iphoneos;
				VALIDATE_PRODUCT = YES;
			};
			name = Release;
		};
		E1D754D11908A9090031C40D /* Debug */ = {
			isa = XCBuildConfiguration;
			buildSettings = {
				ASSETCATALOG_COMPILER_APPICON_NAME = AppIcon;
				ASSETCATALOG_COMPILER_LAUNCHIMAGE_NAME = LaunchImage;
				GCC_PRECOMPILE_PREFIX_HEADER = YES;
				GCC_PREFIX_HEADER = "NoStoryboardGrid/NoStoryboardGrid-Prefix.pch";
				INFOPLIST_FILE = "NoStoryboardGrid/NoStoryboardGrid-Info.plist";
				PRODUCT_NAME = "$(TARGET_NAME)";
				WRAPPER_EXTENSION = app;
			};
			name = Debug;
		};
		E1D754D21908A9090031C40D /* Release */ = {
			isa = XCBuildConfiguration;
			buildSettings = {
				ASSETCATALOG_COMPILER_APPICON_NAME = AppIcon;
				ASSETCATALOG_COMPILER_LAUNCHIMAGE_NAME = LaunchImage;
				GCC_PRECOMPILE_PREFIX_HEADER = YES;
				GCC_PREFIX_HEADER = "NoStoryboardGrid/NoStoryboardGrid-Prefix.pch";
				INFOPLIST_FILE = "NoStoryboardGrid/NoStoryboardGrid-Info.plist";
				PRODUCT_NAME = "$(TARGET_NAME)";
				WRAPPER_EXTENSION = app;
			};
			name = Release;
		};
		E1D754D41908A9090031C40D /* Debug */ = {
			isa = XCBuildConfiguration;
			buildSettings = {
				BUNDLE_LOADER = "$(BUILT_PRODUCTS_DIR)/NoStoryboardGrid.app/NoStoryboardGrid";
				FRAMEWORK_SEARCH_PATHS = (
					"$(SDKROOT)/Developer/Library/Frameworks",
					"$(inherited)",
					"$(DEVELOPER_FRAMEWORKS_DIR)",
				);
				GCC_PRECOMPILE_PREFIX_HEADER = YES;
				GCC_PREFIX_HEADER = "NoStoryboardGrid/NoStoryboardGrid-Prefix.pch";
				GCC_PREPROCESSOR_DEFINITIONS = (
					"DEBUG=1",
					"$(inherited)",
				);
				INFOPLIST_FILE = "NoStoryboardGridTests/NoStoryboardGridTests-Info.plist";
				PRODUCT_NAME = "$(TARGET_NAME)";
				TEST_HOST = "$(BUNDLE_LOADER)";
				WRAPPER_EXTENSION = xctest;
			};
			name = Debug;
		};
		E1D754D51908A9090031C40D /* Release */ = {
			isa = XCBuildConfiguration;
			buildSettings = {
				BUNDLE_LOADER = "$(BUILT_PRODUCTS_DIR)/NoStoryboardGrid.app/NoStoryboardGrid";
				FRAMEWORK_SEARCH_PATHS = (
					"$(SDKROOT)/Developer/Library/Frameworks",
					"$(inherited)",
					"$(DEVELOPER_FRAMEWORKS_DIR)",
				);
				GCC_PRECOMPILE_PREFIX_HEADER = YES;
				GCC_PREFIX_HEADER = "NoStoryboardGrid/NoStoryboardGrid-Prefix.pch";
				INFOPLIST_FILE = "NoStoryboardGridTests/NoStoryboardGridTests-Info.plist";
				PRODUCT_NAME = "$(TARGET_NAME)";
				TEST_HOST = "$(BUNDLE_LOADER)";
				WRAPPER_EXTENSION = xctest;
			};
			name = Release;
		};
/* End XCBuildConfiguration section */

/* Begin XCConfigurationList section */
		E1D754991908A9090031C40D /* Build configuration list for PBXProject "NoStoryboardGrid" */ = {
			isa = XCConfigurationList;
			buildConfigurations = (
				E1D754CE1908A9090031C40D /* Debug */,
				E1D754CF1908A9090031C40D /* Release */,
			);
			defaultConfigurationIsVisible = 0;
			defaultConfigurationName = Release;
		};
		E1D754D01908A9090031C40D /* Build configuration list for PBXNativeTarget "NoStoryboardGrid" */ = {
			isa = XCConfigurationList;
			buildConfigurations = (
				E1D754D11908A9090031C40D /* Debug */,
				E1D754D21908A9090031C40D /* Release */,
			);
			defaultConfigurationIsVisible = 0;
			defaultConfigurationName = Release;
		};
		E1D754D31908A9090031C40D /* Build configuration list for PBXNativeTarget "NoStoryboardGridTests" */ = {
			isa = XCConfigurationList;
			buildConfigurations = (
				E1D754D41908A9090031C40D /* Debug */,
				E1D754D51908A9090031C40D /* Release */,
			);
			defaultConfigurationIsVisible = 0;
			defaultConfigurationName = Release;
		};
/* End XCConfigurationList section */
	};
	rootObject = E1D754961908A9090031C40D /* Project object */;
}
